
Microsoft Visual Studio Solution File, Format Version 12.00
# Visual Studio Version 17
VisualStudioVersion = 17.9.34622.214
MinimumVisualStudioVersion = 10.0.40219.1
Project("{FAE04EC0-301F-11D3-BF4B-00C04F79EFBC}") = "Accounts", "Accounts\Accounts.csproj", "{1951298B-C30A-45B6-AE84-4E887A623986}"
EndProject
Global
	GlobalSection(SolutionConfigurationPlatforms) = preSolution
		Debug|Any CPU = Debug|Any CPU
		Release|Any CPU = Release|Any CPU
	EndGlobalSection
	GlobalSection(ProjectConfigurationPlatforms) = postSolution
		{1951298B-C30A-45B6-AE84-4E887A623986}.Debug|Any CPU.ActiveCfg = Debug|Any CPU
		{1951298B-C30A-45B6-AE84-4E887A623986}.Debug|Any CPU.Build.0 = Debug|Any CPU
		{1951298B-C30A-45B6-AE84-4E887A623986}.Release|Any CPU.ActiveCfg = Release|Any CPU
		{1951298B-C30A-45B6-AE84-4E887A623986}.Release|Any CPU.Build.0 = Release|Any CPU
	EndGlobalSection
	GlobalSection(SolutionProperties) = preSolution
		HideSolutionNode = FALSE
	EndGlobalSection
	GlobalSection(ExtensibilityGlobals) = postSolution
		SolutionGuid = {43D8D3A2-4FEB-4848-89E5-BB6DBF6BD2BC}
	EndGlobalSection
EndGlobal
